PODS:
  - BmobSDK (2.2.1):
    - WechatOpenSDK (~> 1.7.7)
  - RxCocoa (4.0.0):
    - RxSwift (~> 4.0)
  - RxSwift (4.0.0)
  - SnapKit (4.0.0)
  - SwiftyJSON (3.1.4)
  - WechatOpenSDK (1.7.8)

DEPENDENCIES:
  - BmobSDK
  - RxCocoa (~> 4.0)
  - RxSwift (~> 4.0)
  - SnapKit (~> 4.0.0)
  - SwiftyJSON

SPEC CHECKSUMS:
  BmobSDK: 952f0ca736deae9d1b6591d72337df7d9072d4f2
  RxCocoa: d62846ca96495d862fa4c59ea7d87e5031d7340e
  RxSwift: fd680d75283beb5e2559486f3c0ff852f0d35334
  SnapKit: a42d492c16e80209130a3379f73596c3454b7694
  SwiftyJSON: c2842d878f95482ffceec5709abc3d05680c0220
  WechatOpenSDK: ad1e7be1b66416df847ac50830c798b70c9e365e

PODFILE CHECKSUM: fc4a62badd686b3453d2abcce38030d30f22c689

COCOAPODS: 1.2.1
